
Microsoft Visual Studio Solution File, Format Version 12.00
# Visual Studio Version 17
VisualStudioVersion = 17.2.32526.322
MinimumVisualStudioVersion = 10.0.40219.1
Project("{FAE04EC0-301F-11D3-BF4B-00C04F79EFBC}") = "CrawlYoutubeChannel", "CrawlYoutubeChannel\CrawlYoutubeChannel.csproj", "{B6899A0A-0023-4513-8026-9F69A2D690EA}"
EndProject
Global
	GlobalSection(SolutionConfigurationPlatforms) = preSolution
		Debug|Any CPU = Debug|Any CPU
		Release|Any CPU = Release|Any CPU
	EndGlobalSection
	GlobalSection(ProjectConfigurationPlatforms) = postSolution
		{B6899A0A-0023-4513-8026-9F69A2D690EA}.Debug|Any CPU.ActiveCfg = Debug|Any CPU
		{B6899A0A-0023-4513-8026-9F69A2D690EA}.Debug|Any CPU.Build.0 = Debug|Any CPU
		{B6899A0A-0023-4513-8026-9F69A2D690EA}.Release|Any CPU.ActiveCfg = Release|Any CPU
		{B6899A0A-0023-4513-8026-9F69A2D690EA}.Release|Any CPU.Build.0 = Release|Any CPU
	EndGlobalSection
	GlobalSection(SolutionProperties) = preSolution
		HideSolutionNode = FALSE
	EndGlobalSection
	GlobalSection(ExtensibilityGlobals) = postSolution
		SolutionGuid = {AA9C7628-65F3-4EDE-8ADB-AB6CF5CA7FAC}
	EndGlobalSection
EndGlobal
